
Microsoft Visual Studio Solution File, Format Version 12.00
# Visual Studio Version 17
VisualStudioVersion = 17.7.34031.279
MinimumVisualStudioVersion = 10.0.40219.1
Project("{FAE04EC0-301F-11D3-BF4B-00C04F79EFBC}") = "CookiesCookbook", "CookiesCookbook\CookiesCookbook.csproj", "{D9DBBF0A-CE19-44C6-ADCF-1B87CA40266C}"
EndProject
Global
	GlobalSection(SolutionConfigurationPlatforms) = preSolution
		Debug|Any CPU = Debug|Any CPU
		Release|Any CPU = Release|Any CPU
	EndGlobalSection
	GlobalSection(ProjectConfigurationPlatforms) = postSolution
		{D9DBBF0A-CE19-44C6-ADCF-1B87CA40266C}.Debug|Any CPU.ActiveCfg = Debug|Any CPU
		{D9DBBF0A-CE19-44C6-ADCF-1B87CA40266C}.Debug|Any CPU.Build.0 = Debug|Any CPU
		{D9DBBF0A-CE19-44C6-ADCF-1B87CA40266C}.Release|Any CPU.ActiveCfg = Release|Any CPU
		{D9DBBF0A-CE19-44C6-ADCF-1B87CA40266C}.Release|Any CPU.Build.0 = Release|Any CPU
	EndGlobalSection
	GlobalSection(SolutionProperties) = preSolution
		HideSolutionNode = FALSE
	EndGlobalSection
	GlobalSection(ExtensibilityGlobals) = postSolution
		SolutionGuid = {0B7400DA-5D79-4248-9F09-E6555674446C}
	EndGlobalSection
EndGlobal
