
Microsoft Visual Studio Solution File, Format Version 12.00
# Visual Studio Version 17
VisualStudioVersion = 17.7.34031.279
MinimumVisualStudioVersion = 10.0.40219.1
Project("{FAE04EC0-301F-11D3-BF4B-00C04F79EFBC}") = "NumericTypeSuggester", "NumericTypeSuggester\NumericTypeSuggester.csproj", "{13069078-17A0-4F97-8199-ECC1F6639D78}"
EndProject
Global
	GlobalSection(SolutionConfigurationPlatforms) = preSolution
		Debug|Any CPU = Debug|Any CPU
		Release|Any CPU = Release|Any CPU
	EndGlobalSection
	GlobalSection(ProjectConfigurationPlatforms) = postSolution
		{13069078-17A0-4F97-8199-ECC1F6639D78}.Debug|Any CPU.ActiveCfg = Debug|Any CPU
		{13069078-17A0-4F97-8199-ECC1F6639D78}.Debug|Any CPU.Build.0 = Debug|Any CPU
		{13069078-17A0-4F97-8199-ECC1F6639D78}.Release|Any CPU.ActiveCfg = Release|Any CPU
		{13069078-17A0-4F97-8199-ECC1F6639D78}.Release|Any CPU.Build.0 = Release|Any CPU
	EndGlobalSection
	GlobalSection(SolutionProperties) = preSolution
		HideSolutionNode = FALSE
	EndGlobalSection
	GlobalSection(ExtensibilityGlobals) = postSolution
		SolutionGuid = {C9C204BF-8D9D-4E02-ABD4-F62F4EE61FE3}
	EndGlobalSection
EndGlobal
