
Microsoft Visual Studio Solution File, Format Version 12.00
# Visual Studio Version 17
VisualStudioVersion = 17.7.34031.279
MinimumVisualStudioVersion = 10.0.40219.1
Project("{FAE04EC0-301F-11D3-BF4B-00C04F79EFBC}") = "GameDataParser", "GameDataParser\GameDataParser.csproj", "{89AAF9F9-EEC8-4655-AC7A-5D9C24E8DDE9}"
EndProject
Global
	GlobalSection(SolutionConfigurationPlatforms) = preSolution
		Debug|Any CPU = Debug|Any CPU
		Release|Any CPU = Release|Any CPU
	EndGlobalSection
	GlobalSection(ProjectConfigurationPlatforms) = postSolution
		{89AAF9F9-EEC8-4655-AC7A-5D9C24E8DDE9}.Debug|Any CPU.ActiveCfg = Debug|Any CPU
		{89AAF9F9-EEC8-4655-AC7A-5D9C24E8DDE9}.Debug|Any CPU.Build.0 = Debug|Any CPU
		{89AAF9F9-EEC8-4655-AC7A-5D9C24E8DDE9}.Release|Any CPU.ActiveCfg = Release|Any CPU
		{89AAF9F9-EEC8-4655-AC7A-5D9C24E8DDE9}.Release|Any CPU.Build.0 = Release|Any CPU
	EndGlobalSection
	GlobalSection(SolutionProperties) = preSolution
		HideSolutionNode = FALSE
	EndGlobalSection
	GlobalSection(ExtensibilityGlobals) = postSolution
		SolutionGuid = {D1561F83-F3D6-46E3-9A0F-40D784E019AB}
	EndGlobalSection
EndGlobal
