
Microsoft Visual Studio Solution File, Format Version 12.00
# Visual Studio Version 17
VisualStudioVersion = 17.9.34607.119
MinimumVisualStudioVersion = 10.0.40219.1
Project("{FAE04EC0-301F-11D3-BF4B-00C04F79EFBC}") = "QuoteFinder", "QuoteFinder\QuoteFinder.csproj", "{7DC36C95-DC9E-4A05-A070-D1E269F23FC6}"
EndProject
Global
	GlobalSection(SolutionConfigurationPlatforms) = preSolution
		Debug|Any CPU = Debug|Any CPU
		Release|Any CPU = Release|Any CPU
	EndGlobalSection
	GlobalSection(ProjectConfigurationPlatforms) = postSolution
		{7DC36C95-DC9E-4A05-A070-D1E269F23FC6}.Debug|Any CPU.ActiveCfg = Debug|Any CPU
		{7DC36C95-DC9E-4A05-A070-D1E269F23FC6}.Debug|Any CPU.Build.0 = Debug|Any CPU
		{7DC36C95-DC9E-4A05-A070-D1E269F23FC6}.Release|Any CPU.ActiveCfg = Release|Any CPU
		{7DC36C95-DC9E-4A05-A070-D1E269F23FC6}.Release|Any CPU.Build.0 = Release|Any CPU
	EndGlobalSection
	GlobalSection(SolutionProperties) = preSolution
		HideSolutionNode = FALSE
	EndGlobalSection
	GlobalSection(ExtensibilityGlobals) = postSolution
		SolutionGuid = {FC19E0B1-36DD-48A3-BFDE-627486ABA1AB}
	EndGlobalSection
EndGlobal
